// !$*UTF8*$!
{
	archiveVersion = 1;
	classes = {
	};
	objectVersion = 56;
	objects = {

/* Begin PBXBuildFile section */
		C224C5AC2BD007FC0045527C /* AppDelegate.swift in Sources */ = {isa = PBXBuildFile; fileRef = C224C5AB2BD007FC0045527C /* AppDelegate.swift */; };
		C224C5AE2BD007FC0045527C /* SceneDelegate.swift in Sources */ = {isa = PBXBuildFile; fileRef = C224C5AD2BD007FC0045527C /* SceneDelegate.swift */; };
		C224C5B02BD007FC0045527C /* HomeViewController.swift in Sources */ = {isa = PBXBuildFile; fileRef = C224C5AF2BD007FC0045527C /* HomeViewController.swift */; };
		C224C5B52BD007FF0045527C /* Assets.xcassets in Resources */ = {isa = PBXBuildFile; fileRef = C224C5B42BD007FF0045527C /* Assets.xcassets */; };
		C224C5B82BD007FF0045527C /* Base in Resources */ = {isa = PBXBuildFile; fileRef = C224C5B72BD007FF0045527C /* Base */; };
		C224C5C32BD007FF0045527C /* NVibeTests.swift in Sources */ = {isa = PBXBuildFile; fileRef = C224C5C22BD007FF0045527C /* NVibeTests.swift */; };
		C224C5CD2BD007FF0045527C /* NVibeUITests.swift in Sources */ = {isa = PBXBuildFile; fileRef = C224C5CC2BD007FF0045527C /* NVibeUITests.swift */; };
		C224C5CF2BD007FF0045527C /* NVibeUITestsLaunchTests.swift in Sources */ = {isa = PBXBuildFile; fileRef = C224C5CE2BD007FF0045527C /* NVibeUITestsLaunchTests.swift */; };
		C224C5DD2BD008470045527C /* .swiftlint.yml in Resources */ = {isa = PBXBuildFile; fileRef = C224C5DC2BD008470045527C /* .swiftlint.yml */; };
		C224C5E02BD009630045527C /* RootCoordinator.swift in Sources */ = {isa = PBXBuildFile; fileRef = C224C5DF2BD009630045527C /* RootCoordinator.swift */; };
		C224C5E52BD009C00045527C /* Coordinator.swift in Sources */ = {isa = PBXBuildFile; fileRef = C224C5E42BD009C00045527C /* Coordinator.swift */; };
		C224C5E72BD009D20045527C /* BaseCoordinator.swift in Sources */ = {isa = PBXBuildFile; fileRef = C224C5E62BD009D20045527C /* BaseCoordinator.swift */; };
		C224C5E92BD009EA0045527C /* CoordinatorFinishOutput.swift in Sources */ = {isa = PBXBuildFile; fileRef = C224C5E82BD009EA0045527C /* CoordinatorFinishOutput.swift */; };
		C224C5EE2BD00A960045527C /* HomeCoordinator.swift in Sources */ = {isa = PBXBuildFile; fileRef = C224C5ED2BD00A960045527C /* HomeCoordinator.swift */; };
		C2B8D5112BD025B4007529A6 /* APIRequestManager.swift in Sources */ = {isa = PBXBuildFile; fileRef = C2B8D5102BD025B4007529A6 /* APIRequestManager.swift */; };
		C2B8D5132BD025E7007529A6 /* URLRequestBuilder.swift in Sources */ = {isa = PBXBuildFile; fileRef = C2B8D5122BD025E7007529A6 /* URLRequestBuilder.swift */; };
		C2B8D5152BD025FE007529A6 /* APIErrorHandler.swift in Sources */ = {isa = PBXBuildFile; fileRef = C2B8D5142BD025FE007529A6 /* APIErrorHandler.swift */; };
		C2B8D5172BD02613007529A6 /* HTTPMethod.swift in Sources */ = {isa = PBXBuildFile; fileRef = C2B8D5162BD02613007529A6 /* HTTPMethod.swift */; };
		C2B8D51A2BD02662007529A6 /* HomeNetworkService.swift in Sources */ = {isa = PBXBuildFile; fileRef = C2B8D5192BD02662007529A6 /* HomeNetworkService.swift */; };
		C2B8D51C2BD02673007529A6 /* HomeNetworkServiceProvider.swift in Sources */ = {isa = PBXBuildFile; fileRef = C2B8D51B2BD02673007529A6 /* HomeNetworkServiceProvider.swift */; };
		C2B8D5212BD02AE2007529A6 /* Configuration.swift in Sources */ = {isa = PBXBuildFile; fileRef = C2B8D5202BD02AE2007529A6 /* Configuration.swift */; };
		C2B8D5242BD059D9007529A6 /* Direction.swift in Sources */ = {isa = PBXBuildFile; fileRef = C2B8D5232BD059D9007529A6 /* Direction.swift */; };
		C2B8D5262BD05A14007529A6 /* Waypoint.swift in Sources */ = {isa = PBXBuildFile; fileRef = C2B8D5252BD05A14007529A6 /* Waypoint.swift */; };
		C2B8D5282BD05A65007529A6 /* Route.swift in Sources */ = {isa = PBXBuildFile; fileRef = C2B8D5272BD05A65007529A6 /* Route.swift */; };
		C2B8D52B2BD07476007529A6 /* LocationManager.swift in Sources */ = {isa = PBXBuildFile; fileRef = C2B8D52A2BD07476007529A6 /* LocationManager.swift */; };
		C2B9183D2BD162A9004F909B /* MapboxNavigation in Frameworks */ = {isa = PBXBuildFile; productRef = C2B9183C2BD162A9004F909B /* MapboxNavigation */; };
		C2B918412BD1660E004F909B /* HomeDirectionService.swift in Sources */ = {isa = PBXBuildFile; fileRef = C2B918402BD1660E004F909B /* HomeDirectionService.swift */; };
		C2B918442BD16943004F909B /* HomeViewModel.swift in Sources */ = {isa = PBXBuildFile; fileRef = C2B918432BD16943004F909B /* HomeViewModel.swift */; };
		C2E894182BD1A69B008B7472 /* SearchLocationViewController.swift in Sources */ = {isa = PBXBuildFile; fileRef = C2E894172BD1A69B008B7472 /* SearchLocationViewController.swift */; };
		C2E8941B2BD1A6B4008B7472 /* SearchLocationCoordinator.swift in Sources */ = {isa = PBXBuildFile; fileRef = C2E8941A2BD1A6B4008B7472 /* SearchLocationCoordinator.swift */; };
		C2E8941F2BD1CADE008B7472 /* SearchLocationViewModel.swift in Sources */ = {isa = PBXBuildFile; fileRef = C2E8941E2BD1CADE008B7472 /* SearchLocationViewModel.swift */; };
/* End PBXBuildFile section */

/* Begin PBXContainerItemProxy section */
		C224C5BF2BD007FF0045527C /* PBXContainerItemProxy */ = {
			isa = PBXContainerItemProxy;
			containerPortal = C224C5A02BD007FC0045527C /* Project object */;
			proxyType = 1;
			remoteGlobalIDString = C224C5A72BD007FC0045527C;
			remoteInfo = NVibe;
		};
		C224C5C92BD007FF0045527C /* PBXContainerItemProxy */ = {
			isa = PBXContainerItemProxy;
			containerPortal = C224C5A02BD007FC0045527C /* Project object */;
			proxyType = 1;
			remoteGlobalIDString = C224C5A72BD007FC0045527C;
			remoteInfo = NVibe;
		};
/* End PBXContainerItemProxy section */

/* Begin PBXFileReference section */
		C224C5A82BD007FC0045527C /* NVibe.app */ = {isa = PBXFileReference; explicitFileType = wrapper.application; includeInIndex = 0; path = NVibe.app; sourceTree = BUILT_PRODUCTS_DIR; };
		C224C5AB2BD007FC0045527C /* AppDelegate.swift */ = {isa = PBXFileReference; lastKnownFileType = sourcecode.swift; path = AppDelegate.swift; sourceTree = "<group>"; };
		C224C5AD2BD007FC0045527C /* SceneDelegate.swift */ = {isa = PBXFileReference; lastKnownFileType = sourcecode.swift; path = SceneDelegate.swift; sourceTree = "<group>"; };
		C224C5AF2BD007FC0045527C /* HomeViewController.swift */ = {isa = PBXFileReference; lastKnownFileType = sourcecode.swift; path = HomeViewController.swift; sourceTree = "<group>"; };
		C224C5B42BD007FF0045527C /* Assets.xcassets */ = {isa = PBXFileReference; lastKnownFileType = folder.assetcatalog; path = Assets.xcassets; sourceTree = "<group>"; };
		C224C5B72BD007FF0045527C /* Base */ = {isa = PBXFileReference; lastKnownFileType = file.storyboard; name = Base; path = Base.lproj/LaunchScreen.storyboard; sourceTree = "<group>"; };
		C224C5B92BD007FF0045527C /* Info.plist */ = {isa = PBXFileReference; lastKnownFileType = text.plist.xml; path = Info.plist; sourceTree = "<group>"; };
		C224C5BE2BD007FF0045527C /* NVibeTests.xctest */ = {isa = PBXFileReference; explicitFileType = wrapper.cfbundle; includeInIndex = 0; path = NVibeTests.xctest; sourceTree = BUILT_PRODUCTS_DIR; };
		C224C5C22BD007FF0045527C /* NVibeTests.swift */ = {isa = PBXFileReference; lastKnownFileType = sourcecode.swift; path = NVibeTests.swift; sourceTree = "<group>"; };
		C224C5C82BD007FF0045527C /* NVibeUITests.xctest */ = {isa = PBXFileReference; explicitFileType = wrapper.cfbundle; includeInIndex = 0; path = NVibeUITests.xctest; sourceTree = BUILT_PRODUCTS_DIR; };
		C224C5CC2BD007FF0045527C /* NVibeUITests.swift */ = {isa = PBXFileReference; lastKnownFileType = sourcecode.swift; path = NVibeUITests.swift; sourceTree = "<group>"; };
		C224C5CE2BD007FF0045527C /* NVibeUITestsLaunchTests.swift */ = {isa = PBXFileReference; lastKnownFileType = sourcecode.swift; path = NVibeUITestsLaunchTests.swift; sourceTree = "<group>"; };
		C224C5DC2BD008470045527C /* .swiftlint.yml */ = {isa = PBXFileReference; lastKnownFileType = text.yaml; path = .swiftlint.yml; sourceTree = "<group>"; };
		C224C5DF2BD009630045527C /* RootCoordinator.swift */ = {isa = PBXFileReference; lastKnownFileType = sourcecode.swift; path = RootCoordinator.swift; sourceTree = "<group>"; };
		C224C5E42BD009C00045527C /* Coordinator.swift */ = {isa = PBXFileReference; lastKnownFileType = sourcecode.swift; path = Coordinator.swift; sourceTree = "<group>"; };
		C224C5E62BD009D20045527C /* BaseCoordinator.swift */ = {isa = PBXFileReference; lastKnownFileType = sourcecode.swift; path = BaseCoordinator.swift; sourceTree = "<group>"; };
		C224C5E82BD009EA0045527C /* CoordinatorFinishOutput.swift */ = {isa = PBXFileReference; lastKnownFileType = sourcecode.swift; path = CoordinatorFinishOutput.swift; sourceTree = "<group>"; };
		C224C5ED2BD00A960045527C /* HomeCoordinator.swift */ = {isa = PBXFileReference; lastKnownFileType = sourcecode.swift; path = HomeCoordinator.swift; sourceTree = "<group>"; };
		C2B8D5102BD025B4007529A6 /* APIRequestManager.swift */ = {isa = PBXFileReference; lastKnownFileType = sourcecode.swift; path = APIRequestManager.swift; sourceTree = "<group>"; };
		C2B8D5122BD025E7007529A6 /* URLRequestBuilder.swift */ = {isa = PBXFileReference; lastKnownFileType = sourcecode.swift; path = URLRequestBuilder.swift; sourceTree = "<group>"; };
		C2B8D5142BD025FE007529A6 /* APIErrorHandler.swift */ = {isa = PBXFileReference; lastKnownFileType = sourcecode.swift; path = APIErrorHandler.swift; sourceTree = "<group>"; };
		C2B8D5162BD02613007529A6 /* HTTPMethod.swift */ = {isa = PBXFileReference; lastKnownFileType = sourcecode.swift; path = HTTPMethod.swift; sourceTree = "<group>"; };
		C2B8D5192BD02662007529A6 /* HomeNetworkService.swift */ = {isa = PBXFileReference; lastKnownFileType = sourcecode.swift; path = HomeNetworkService.swift; sourceTree = "<group>"; };
		C2B8D51B2BD02673007529A6 /* HomeNetworkServiceProvider.swift */ = {isa = PBXFileReference; lastKnownFileType = sourcecode.swift; path = HomeNetworkServiceProvider.swift; sourceTree = "<group>"; };
		C2B8D51F2BD02A13007529A6 /* ConfigFile.xcconfig */ = {isa = PBXFileReference; lastKnownFileType = text.xcconfig; path = ConfigFile.xcconfig; sourceTree = "<group>"; };
		C2B8D5202BD02AE2007529A6 /* Configuration.swift */ = {isa = PBXFileReference; lastKnownFileType = sourcecode.swift; path = Configuration.swift; sourceTree = "<group>"; };
		C2B8D5232BD059D9007529A6 /* Direction.swift */ = {isa = PBXFileReference; lastKnownFileType = sourcecode.swift; path = Direction.swift; sourceTree = "<group>"; };
		C2B8D5252BD05A14007529A6 /* Waypoint.swift */ = {isa = PBXFileReference; lastKnownFileType = sourcecode.swift; path = Waypoint.swift; sourceTree = "<group>"; };
		C2B8D5272BD05A65007529A6 /* Route.swift */ = {isa = PBXFileReference; lastKnownFileType = sourcecode.swift; path = Route.swift; sourceTree = "<group>"; };
		C2B8D52A2BD07476007529A6 /* LocationManager.swift */ = {isa = PBXFileReference; lastKnownFileType = sourcecode.swift; path = LocationManager.swift; sourceTree = "<group>"; };
		C2B918402BD1660E004F909B /* HomeDirectionService.swift */ = {isa = PBXFileReference; lastKnownFileType = sourcecode.swift; path = HomeDirectionService.swift; sourceTree = "<group>"; };
		C2B918432BD16943004F909B /* HomeViewModel.swift */ = {isa = PBXFileReference; lastKnownFileType = sourcecode.swift; path = HomeViewModel.swift; sourceTree = "<group>"; };
		C2E894172BD1A69B008B7472 /* SearchLocationViewController.swift */ = {isa = PBXFileReference; lastKnownFileType = sourcecode.swift; path = SearchLocationViewController.swift; sourceTree = "<group>"; };
		C2E8941A2BD1A6B4008B7472 /* SearchLocationCoordinator.swift */ = {isa = PBXFileReference; lastKnownFileType = sourcecode.swift; path = SearchLocationCoordinator.swift; sourceTree = "<group>"; };
		C2E8941E2BD1CADE008B7472 /* SearchLocationViewModel.swift */ = {isa = PBXFileReference; lastKnownFileType = sourcecode.swift; path = SearchLocationViewModel.swift; sourceTree = "<group>"; };
/* End PBXFileReference section */

/* Begin PBXFrameworksBuildPhase section */
		C224C5A52BD007FC0045527C /* Frameworks */ = {
			isa = PBXFrameworksBuildPhase;
			buildActionMask = 2147483647;
			files = (
				C2B9183D2BD162A9004F909B /* MapboxNavigation in Frameworks */,
			);
			runOnlyForDeploymentPostprocessing = 0;
		};
		C224C5BB2BD007FF0045527C /* Frameworks */ = {
			isa = PBXFrameworksBuildPhase;
			buildActionMask = 2147483647;
			files = (
			);
			runOnlyForDeploymentPostprocessing = 0;
		};
		C224C5C52BD007FF0045527C /* Frameworks */ = {
			isa = PBXFrameworksBuildPhase;
			buildActionMask = 2147483647;
			files = (
			);
			runOnlyForDeploymentPostprocessing = 0;
		};
/* End PBXFrameworksBuildPhase section */

/* Begin PBXGroup section */
		C224C59F2BD007FC0045527C = {
			isa = PBXGroup;
			children = (
				C224C5AA2BD007FC0045527C /* NVibe */,
				C224C5C12BD007FF0045527C /* NVibeTests */,
				C224C5CB2BD007FF0045527C /* NVibeUITests */,
				C224C5A92BD007FC0045527C /* Products */,
			);
			sourceTree = "<group>";
		};
		C224C5A92BD007FC0045527C /* Products */ = {
			isa = PBXGroup;
			children = (
				C224C5A82BD007FC0045527C /* NVibe.app */,
				C224C5BE2BD007FF0045527C /* NVibeTests.xctest */,
				C224C5C82BD007FF0045527C /* NVibeUITests.xctest */,
			);
			name = Products;
			sourceTree = "<group>";
		};
		C224C5AA2BD007FC0045527C /* NVibe */ = {
			isa = PBXGroup;
			children = (
				C224C5DC2BD008470045527C /* .swiftlint.yml */,
				C224C5DE2BD009510045527C /* App */,
				C2B8D51E2BD029EA007529A6 /* Configuration */,
				C2B8D5222BD04E2A007529A6 /* Model */,
				C224C5EA2BD00A680045527C /* Resources */,
				C224C5EB2BD00A7D0045527C /* Scenes */,
				C2B8D50D2BD0257E007529A6 /* Service */,
				C224C5B92BD007FF0045527C /* Info.plist */,
			);
			path = NVibe;
			sourceTree = "<group>";
		};
		C224C5C12BD007FF0045527C /* NVibeTests */ = {
			isa = PBXGroup;
			children = (
				C224C5C22BD007FF0045527C /* NVibeTests.swift */,
			);
			path = NVibeTests;
			sourceTree = "<group>";
		};
		C224C5CB2BD007FF0045527C /* NVibeUITests */ = {
			isa = PBXGroup;
			children = (
				C224C5CC2BD007FF0045527C /* NVibeUITests.swift */,
				C224C5CE2BD007FF0045527C /* NVibeUITestsLaunchTests.swift */,
			);
			path = NVibeUITests;
			sourceTree = "<group>";
		};
		C224C5DE2BD009510045527C /* App */ = {
			isa = PBXGroup;
			children = (
				C224C5E12BD0097C0045527C /* Core */,
				C224C5E22BD009810045527C /* Protocols */,
			);
			path = App;
			sourceTree = "<group>";
		};
		C224C5E12BD0097C0045527C /* Core */ = {
			isa = PBXGroup;
			children = (
				C224C5AB2BD007FC0045527C /* AppDelegate.swift */,
				C224C5AD2BD007FC0045527C /* SceneDelegate.swift */,
				C224C5DF2BD009630045527C /* RootCoordinator.swift */,
			);
			path = Core;
			sourceTree = "<group>";
		};
		C224C5E22BD009810045527C /* Protocols */ = {
			isa = PBXGroup;
			children = (
				C224C5E32BD009B20045527C /* Coordinator */,
			);
			path = Protocols;
			sourceTree = "<group>";
		};
		C224C5E32BD009B20045527C /* Coordinator */ = {
			isa = PBXGroup;
			children = (
				C224C5E42BD009C00045527C /* Coordinator.swift */,
				C224C5E62BD009D20045527C /* BaseCoordinator.swift */,
				C224C5E82BD009EA0045527C /* CoordinatorFinishOutput.swift */,
			);
			path = Coordinator;
			sourceTree = "<group>";
		};
		C224C5EA2BD00A680045527C /* Resources */ = {
			isa = PBXGroup;
			children = (
				C224C5B42BD007FF0045527C /* Assets.xcassets */,
				C224C5B62BD007FF0045527C /* LaunchScreen.storyboard */,
			);
			path = Resources;
			sourceTree = "<group>";
		};
		C224C5EB2BD00A7D0045527C /* Scenes */ = {
			isa = PBXGroup;
			children = (
				C224C5EC2BD00A8B0045527C /* Home */,
				C2E894142BD1A625008B7472 /* SearchLocation */,
			);
			path = Scenes;
			sourceTree = "<group>";
		};
		C224C5EC2BD00A8B0045527C /* Home */ = {
			isa = PBXGroup;
			children = (
				C224C5ED2BD00A960045527C /* HomeCoordinator.swift */,
				C2B918432BD16943004F909B /* HomeViewModel.swift */,
				C224C5AF2BD007FC0045527C /* HomeViewController.swift */,
			);
			path = Home;
			sourceTree = "<group>";
		};
		C2B8D50D2BD0257E007529A6 /* Service */ = {
			isa = PBXGroup;
			children = (
				C2B8D5292BD0746C007529A6 /* Location */,
				C2B8D50E2BD02597007529A6 /* API */,
				C2B8D5182BD02651007529A6 /* Home */,
			);
			path = Service;
			sourceTree = "<group>";
		};
		C2B8D50E2BD02597007529A6 /* API */ = {
			isa = PBXGroup;
			children = (
				C2B8D5102BD025B4007529A6 /* APIRequestManager.swift */,
				C2B8D5122BD025E7007529A6 /* URLRequestBuilder.swift */,
				C2B8D5142BD025FE007529A6 /* APIErrorHandler.swift */,
				C2B8D5162BD02613007529A6 /* HTTPMethod.swift */,
			);
			path = API;
			sourceTree = "<group>";
		};
		C2B8D5182BD02651007529A6 /* Home */ = {
			isa = PBXGroup;
			children = (
				C2B918402BD1660E004F909B /* HomeDirectionService.swift */,
				C2B8D5192BD02662007529A6 /* HomeNetworkService.swift */,
				C2B8D51B2BD02673007529A6 /* HomeNetworkServiceProvider.swift */,
			);
			path = Home;
			sourceTree = "<group>";
		};
		C2B8D51E2BD029EA007529A6 /* Configuration */ = {
			isa = PBXGroup;
			children = (
				C2B8D5202BD02AE2007529A6 /* Configuration.swift */,
				C2B8D51F2BD02A13007529A6 /* ConfigFile.xcconfig */,
			);
			path = Configuration;
			sourceTree = "<group>";
		};
		C2B8D5222BD04E2A007529A6 /* Model */ = {
			isa = PBXGroup;
			children = (
				C2B8D5232BD059D9007529A6 /* Direction.swift */,
				C2B8D5252BD05A14007529A6 /* Waypoint.swift */,
				C2B8D5272BD05A65007529A6 /* Route.swift */,
			);
			path = Model;
			sourceTree = "<group>";
		};
		C2B8D5292BD0746C007529A6 /* Location */ = {
			isa = PBXGroup;
			children = (
				C2B8D52A2BD07476007529A6 /* LocationManager.swift */,
			);
			path = Location;
			sourceTree = "<group>";
		};
		C2E894142BD1A625008B7472 /* SearchLocation */ = {
			isa = PBXGroup;
			children = (
				C2E8941A2BD1A6B4008B7472 /* SearchLocationCoordinator.swift */,
				C2E8941E2BD1CADE008B7472 /* SearchLocationViewModel.swift */,
				C2E894172BD1A69B008B7472 /* SearchLocationViewController.swift */,
			);
			path = SearchLocation;
			sourceTree = "<group>";
		};
/* End PBXGroup section */

/* Begin PBXNativeTarget section */
		C224C5A72BD007FC0045527C /* NVibe */ = {
			isa = PBXNativeTarget;
			buildConfigurationList = C224C5D22BD007FF0045527C /* Build configuration list for PBXNativeTarget "NVibe" */;
			buildPhases = (
				C224C5A42BD007FC0045527C /* Sources */,
				C224C5A52BD007FC0045527C /* Frameworks */,
				C224C5A62BD007FC0045527C /* Resources */,
				C224C5DB2BD0082A0045527C /* ShellScript */,
			);
			buildRules = (
			);
			dependencies = (
			);
			name = NVibe;
			packageProductDependencies = (
				C2B9183C2BD162A9004F909B /* MapboxNavigation */,
			);
			productName = NVibe;
			productReference = C224C5A82BD007FC0045527C /* NVibe.app */;
			productType = "com.apple.product-type.application";
		};
		C224C5BD2BD007FF0045527C /* NVibeTests */ = {
			isa = PBXNativeTarget;
			buildConfigurationList = C224C5D52BD007FF0045527C /* Build configuration list for PBXNativeTarget "NVibeTests" */;
			buildPhases = (
				C224C5BA2BD007FF0045527C /* Sources */,
				C224C5BB2BD007FF0045527C /* Frameworks */,
				C224C5BC2BD007FF0045527C /* Resources */,
			);
			buildRules = (
			);
			dependencies = (
				C224C5C02BD007FF0045527C /* PBXTargetDependency */,
			);
			name = NVibeTests;
			productName = NVibeTests;
			productReference = C224C5BE2BD007FF0045527C /* NVibeTests.xctest */;
			productType = "com.apple.product-type.bundle.unit-test";
		};
		C224C5C72BD007FF0045527C /* NVibeUITests */ = {
			isa = PBXNativeTarget;
			buildConfigurationList = C224C5D82BD007FF0045527C /* Build configuration list for PBXNativeTarget "NVibeUITests" */;
			buildPhases = (
				C224C5C42BD007FF0045527C /* Sources */,
				C224C5C52BD007FF0045527C /* Frameworks */,
				C224C5C62BD007FF0045527C /* Resources */,
			);
			buildRules = (
			);
			dependencies = (
				C224C5CA2BD007FF0045527C /* PBXTargetDependency */,
			);
			name = NVibeUITests;
			productName = NVibeUITests;
			productReference = C224C5C82BD007FF0045527C /* NVibeUITests.xctest */;
			productType = "com.apple.product-type.bundle.ui-testing";
		};
/* End PBXNativeTarget section */

/* Begin PBXProject section */
		C224C5A02BD007FC0045527C /* Project object */ = {
			isa = PBXProject;
			attributes = {
				BuildIndependentTargetsInParallel = 1;
				LastSwiftUpdateCheck = 1530;
				LastUpgradeCheck = 1530;
				TargetAttributes = {
					C224C5A72BD007FC0045527C = {
						CreatedOnToolsVersion = 15.3;
					};
					C224C5BD2BD007FF0045527C = {
						CreatedOnToolsVersion = 15.3;
						TestTargetID = C224C5A72BD007FC0045527C;
					};
					C224C5C72BD007FF0045527C = {
						CreatedOnToolsVersion = 15.3;
						TestTargetID = C224C5A72BD007FC0045527C;
					};
				};
			};
			buildConfigurationList = C224C5A32BD007FC0045527C /* Build configuration list for PBXProject "NVibe" */;
			compatibilityVersion = "Xcode 14.0";
			developmentRegion = en;
			hasScannedForEncodings = 0;
			knownRegions = (
				en,
				Base,
			);
			mainGroup = C224C59F2BD007FC0045527C;
			packageReferences = (
				C2B9183B2BD162A9004F909B /* XCRemoteSwiftPackageReference "mapbox-navigation-ios" */,
			);
			productRefGroup = C224C5A92BD007FC0045527C /* Products */;
			projectDirPath = "";
			projectRoot = "";
			targets = (
				C224C5A72BD007FC0045527C /* NVibe */,
				C224C5BD2BD007FF0045527C /* NVibeTests */,
				C224C5C72BD007FF0045527C /* NVibeUITests */,
			);
		};
/* End PBXProject section */

/* Begin PBXResourcesBuildPhase section */
		C224C5A62BD007FC0045527C /* Resources */ = {
			isa = PBXResourcesBuildPhase;
			buildActionMask = 2147483647;
			files = (
				C224C5DD2BD008470045527C /* .swiftlint.yml in Resources */,
				C224C5B52BD007FF0045527C /* Assets.xcassets in Resources */,
				C224C5B82BD007FF0045527C /* Base in Resources */,
			);
			runOnlyForDeploymentPostprocessing = 0;
		};
		C224C5BC2BD007FF0045527C /* Resources */ = {
			isa = PBXResourcesBuildPhase;
			buildActionMask = 2147483647;
			files = (
			);
			runOnlyForDeploymentPostprocessing = 0;
		};
		C224C5C62BD007FF0045527C /* Resources */ = {
			isa = PBXResourcesBuildPhase;
			buildActionMask = 2147483647;
			files = (
			);
			runOnlyForDeploymentPostprocessing = 0;
		};
/* End PBXResourcesBuildPhase section */

/* Begin PBXShellScriptBuildPhase section */
		C224C5DB2BD0082A0045527C /* ShellScript */ = {
			isa = PBXShellScriptBuildPhase;
			alwaysOutOfDate = 1;
			buildActionMask = 2147483647;
			files = (
			);
			inputFileListPaths = (
			);
			inputPaths = (
			);
			outputFileListPaths = (
			);
			outputPaths = (
			);
			runOnlyForDeploymentPostprocessing = 0;
			shellPath = /bin/sh;
			shellScript = "if which swiftlint >/dev/null; then\n    swiftlint\nelse\n    echo \"warning: SwiftLint not installed, download from https://github.com/realm/SwiftLint\"\nfi\n";
			showEnvVarsInLog = 0;
		};
/* End PBXShellScriptBuildPhase section */

/* Begin PBXSourcesBuildPhase section */
		C224C5A42BD007FC0045527C /* Sources */ = {
			isa = PBXSourcesBuildPhase;
			buildActionMask = 2147483647;
			files = (
				C224C5E72BD009D20045527C /* BaseCoordinator.swift in Sources */,
				C2B8D51C2BD02673007529A6 /* HomeNetworkServiceProvider.swift in Sources */,
				C2B8D5262BD05A14007529A6 /* Waypoint.swift in Sources */,
				C2B8D5132BD025E7007529A6 /* URLRequestBuilder.swift in Sources */,
				C224C5E02BD009630045527C /* RootCoordinator.swift in Sources */,
				C2B918442BD16943004F909B /* HomeViewModel.swift in Sources */,
				C2B8D5212BD02AE2007529A6 /* Configuration.swift in Sources */,
				C2B8D52B2BD07476007529A6 /* LocationManager.swift in Sources */,
				C224C5B02BD007FC0045527C /* HomeViewController.swift in Sources */,
				C2E894182BD1A69B008B7472 /* SearchLocationViewController.swift in Sources */,
				C2B918412BD1660E004F909B /* HomeDirectionService.swift in Sources */,
				C2B8D5112BD025B4007529A6 /* APIRequestManager.swift in Sources */,
				C224C5E52BD009C00045527C /* Coordinator.swift in Sources */,
				C2E8941F2BD1CADE008B7472 /* SearchLocationViewModel.swift in Sources */,
				C2B8D5282BD05A65007529A6 /* Route.swift in Sources */,
				C224C5AC2BD007FC0045527C /* AppDelegate.swift in Sources */,
				C224C5EE2BD00A960045527C /* HomeCoordinator.swift in Sources */,
				C2B8D51A2BD02662007529A6 /* HomeNetworkService.swift in Sources */,
				C2B8D5242BD059D9007529A6 /* Direction.swift in Sources */,
				C2B8D5172BD02613007529A6 /* HTTPMethod.swift in Sources */,
				C2E8941B2BD1A6B4008B7472 /* SearchLocationCoordinator.swift in Sources */,
				C224C5AE2BD007FC0045527C /* SceneDelegate.swift in Sources */,
				C2B8D5152BD025FE007529A6 /* APIErrorHandler.swift in Sources */,
				C224C5E92BD009EA0045527C /* CoordinatorFinishOutput.swift in Sources */,
			);
			runOnlyForDeploymentPostprocessing = 0;
		};
		C224C5BA2BD007FF0045527C /* Sources */ = {
			isa = PBXSourcesBuildPhase;
			buildActionMask = 2147483647;
			files = (
				C224C5C32BD007FF0045527C /* NVibeTests.swift in Sources */,
			);
			runOnlyForDeploymentPostprocessing = 0;
		};
		C224C5C42BD007FF0045527C /* Sources */ = {
			isa = PBXSourcesBuildPhase;
			buildActionMask = 2147483647;
			files = (
				C224C5CD2BD007FF0045527C /* NVibeUITests.swift in Sources */,
				C224C5CF2BD007FF0045527C /* NVibeUITestsLaunchTests.swift in Sources */,
			);
			runOnlyForDeploymentPostprocessing = 0;
		};
/* End PBXSourcesBuildPhase section */

/* Begin PBXTargetDependency section */
		C224C5C02BD007FF0045527C /* PBXTargetDependency */ = {
			isa = PBXTargetDependency;
			target = C224C5A72BD007FC0045527C /* NVibe */;
			targetProxy = C224C5BF2BD007FF0045527C /* PBXContainerItemProxy */;
		};
		C224C5CA2BD007FF0045527C /* PBXTargetDependency */ = {
			isa = PBXTargetDependency;
			target = C224C5A72BD007FC0045527C /* NVibe */;
			targetProxy = C224C5C92BD007FF0045527C /* PBXContainerItemProxy */;
		};
/* End PBXTargetDependency section */

/* Begin PBXVariantGroup section */
		C224C5B62BD007FF0045527C /* LaunchScreen.storyboard */ = {
			isa = PBXVariantGroup;
			children = (
				C224C5B72BD007FF0045527C /* Base */,
			);
			name = LaunchScreen.storyboard;
			sourceTree = "<group>";
		};
/* End PBXVariantGroup section */

/* Begin XCBuildConfiguration section */
		C224C5D02BD007FF0045527C /* Debug */ = {
			isa = XCBuildConfiguration;
			baseConfigurationReference = C2B8D51F2BD02A13007529A6 /* ConfigFile.xcconfig */;
			buildSettings = {
				ALWAYS_SEARCH_USER_PATHS = NO;
				ASSETCATALOG_COMPILER_GENERATE_SWIFT_ASSET_SYMBOL_EXTENSIONS = YES;
				CLANG_ANALYZER_NONNULL = YES;
				CLANG_ANALYZER_NUMBER_OBJECT_CONVERSION = YES_AGGRESSIVE;
				CLANG_CXX_LANGUAGE_STANDARD = "gnu++20";
				CLANG_ENABLE_MODULES = YES;
				CLANG_ENABLE_OBJC_ARC = YES;
				CLANG_ENABLE_OBJC_WEAK = YES;
				CLANG_WARN_BLOCK_CAPTURE_AUTORELEASING = YES;
				CLANG_WARN_BOOL_CONVERSION = YES;
				CLANG_WARN_COMMA = YES;
				CLANG_WARN_CONSTANT_CONVERSION = YES;
				CLANG_WARN_DEPRECATED_OBJC_IMPLEMENTATIONS = YES;
				CLANG_WARN_DIRECT_OBJC_ISA_USAGE = YES_ERROR;
				CLANG_WARN_DOCUMENTATION_COMMENTS = YES;
				CLANG_WARN_EMPTY_BODY = YES;
				CLANG_WARN_ENUM_CONVERSION = YES;
				CLANG_WARN_INFINITE_RECURSION = YES;
				CLANG_WARN_INT_CONVERSION = YES;
				CLANG_WARN_NON_LITERAL_NULL_CONVERSION = YES;
				CLANG_WARN_OBJC_IMPLICIT_RETAIN_SELF = YES;
				CLANG_WARN_OBJC_LITERAL_CONVERSION = YES;
				CLANG_WARN_OBJC_ROOT_CLASS = YES_ERROR;
				CLANG_WARN_QUOTED_INCLUDE_IN_FRAMEWORK_HEADER = YES;
				CLANG_WARN_RANGE_LOOP_ANALYSIS = YES;
				CLANG_WARN_STRICT_PROTOTYPES = YES;
				CLANG_WARN_SUSPICIOUS_MOVE = YES;
				CLANG_WARN_UNGUARDED_AVAILABILITY = YES_AGGRESSIVE;
				CLANG_WARN_UNREACHABLE_CODE = YES;
				CLANG_WARN__DUPLICATE_METHOD_MATCH = YES;
				COPY_PHASE_STRIP = NO;
				DEBUG_INFORMATION_FORMAT = dwarf;
				ENABLE_STRICT_OBJC_MSGSEND = YES;
				ENABLE_TESTABILITY = YES;
				ENABLE_USER_SCRIPT_SANDBOXING = NO;
				GCC_C_LANGUAGE_STANDARD = gnu17;
				GCC_DYNAMIC_NO_PIC = NO;
				GCC_NO_COMMON_BLOCKS = YES;
				GCC_OPTIMIZATION_LEVEL = 0;
				GCC_PREPROCESSOR_DEFINITIONS = (
					"DEBUG=1",
					"$(inherited)",
				);
				GCC_WARN_64_TO_32_BIT_CONVERSION = YES;
				GCC_WARN_ABOUT_RETURN_TYPE = YES_ERROR;
				GCC_WARN_UNDECLARED_SELECTOR = YES;
				GCC_WARN_UNINITIALIZED_AUTOS = YES_AGGRESSIVE;
				GCC_WARN_UNUSED_FUNCTION = YES;
				GCC_WARN_UNUSED_VARIABLE = YES;
				IPHONEOS_DEPLOYMENT_TARGET = 13.0;
				LOCALIZATION_PREFERS_STRING_CATALOGS = YES;
				MTL_ENABLE_DEBUG_INFO = INCLUDE_SOURCE;
				MTL_FAST_MATH = YES;
				ONLY_ACTIVE_ARCH = YES;
				SDKROOT = iphoneos;
				SWIFT_ACTIVE_COMPILATION_CONDITIONS = "DEBUG $(inherited)";
				SWIFT_OPTIMIZATION_LEVEL = "-Onone";
			};
			name = Debug;
		};
		C224C5D12BD007FF0045527C /* Release */ = {
			isa = XCBuildConfiguration;
			baseConfigurationReference = C2B8D51F2BD02A13007529A6 /* ConfigFile.xcconfig */;
			buildSettings = {
				ALWAYS_SEARCH_USER_PATHS = NO;
				ASSETCATALOG_COMPILER_GENERATE_SWIFT_ASSET_SYMBOL_EXTENSIONS = YES;
				CLANG_ANALYZER_NONNULL = YES;
				CLANG_ANALYZER_NUMBER_OBJECT_CONVERSION = YES_AGGRESSIVE;
				CLANG_CXX_LANGUAGE_STANDARD = "gnu++20";
				CLANG_ENABLE_MODULES = YES;
				CLANG_ENABLE_OBJC_ARC = YES;
				CLANG_ENABLE_OBJC_WEAK = YES;
				CLANG_WARN_BLOCK_CAPTURE_AUTORELEASING = YES;
				CLANG_WARN_BOOL_CONVERSION = YES;
				CLANG_WARN_COMMA = YES;
				CLANG_WARN_CONSTANT_CONVERSION = YES;
				CLANG_WARN_DEPRECATED_OBJC_IMPLEMENTATIONS = YES;
				CLANG_WARN_DIRECT_OBJC_ISA_USAGE = YES_ERROR;
				CLANG_WARN_DOCUMENTATION_COMMENTS = YES;
				CLANG_WARN_EMPTY_BODY = YES;
				CLANG_WARN_ENUM_CONVERSION = YES;
				CLANG_WARN_INFINITE_RECURSION = YES;
				CLANG_WARN_INT_CONVERSION = YES;
				CLANG_WARN_NON_LITERAL_NULL_CONVERSION = YES;
				CLANG_WARN_OBJC_IMPLICIT_RETAIN_SELF = YES;
				CLANG_WARN_OBJC_LITERAL_CONVERSION = YES;
				CLANG_WARN_OBJC_ROOT_CLASS = YES_ERROR;
				CLANG_WARN_QUOTED_INCLUDE_IN_FRAMEWORK_HEADER = YES;
				CLANG_WARN_RANGE_LOOP_ANALYSIS = YES;
				CLANG_WARN_STRICT_PROTOTYPES = YES;
				CLANG_WARN_SUSPICIOUS_MOVE = YES;
				CLANG_WARN_UNGUARDED_AVAILABILITY = YES_AGGRESSIVE;
				CLANG_WARN_UNREACHABLE_CODE = YES;
				CLANG_WARN__DUPLICATE_METHOD_MATCH = YES;
				COPY_PHASE_STRIP = NO;
				DEBUG_INFORMATION_FORMAT = "dwarf-with-dsym";
				ENABLE_NS_ASSERTIONS = NO;
				ENABLE_STRICT_OBJC_MSGSEND = YES;
				ENABLE_USER_SCRIPT_SANDBOXING = NO;
				GCC_C_LANGUAGE_STANDARD = gnu17;
				GCC_NO_COMMON_BLOCKS = YES;
				GCC_WARN_64_TO_32_BIT_CONVERSION = YES;
				GCC_WARN_ABOUT_RETURN_TYPE = YES_ERROR;
				GCC_WARN_UNDECLARED_SELECTOR = YES;
				GCC_WARN_UNINITIALIZED_AUTOS = YES_AGGRESSIVE;
				GCC_WARN_UNUSED_FUNCTION = YES;
				GCC_WARN_UNUSED_VARIABLE = YES;
				IPHONEOS_DEPLOYMENT_TARGET = 13.0;
				LOCALIZATION_PREFERS_STRING_CATALOGS = YES;
				MTL_ENABLE_DEBUG_INFO = NO;
				MTL_FAST_MATH = YES;
				SDKROOT = iphoneos;
				SWIFT_COMPILATION_MODE = wholemodule;
				VALIDATE_PRODUCT = YES;
			};
			name = Release;
		};
		C224C5D32BD007FF0045527C /* Debug */ = {
			isa = XCBuildConfiguration;
			buildSettings = {
				ASSETCATALOG_COMPILER_APPICON_NAME = AppIcon;
				ASSETCATALOG_COMPILER_GLOBAL_ACCENT_COLOR_NAME = AccentColor;
				CODE_SIGN_STYLE = Automatic;
				CURRENT_PROJECT_VERSION = 1;
				DEVELOPMENT_TEAM = V54XUHS56L;
				GENERATE_INFOPLIST_FILE = YES;
				INFOPLIST_FILE = NVibe/Info.plist;
				INFOPLIST_KEY_NSLocationAlwaysAndWhenInUseUsageDescription = "N-Vibe a besoin de votre location pour vous diriger.";
				INFOPLIST_KEY_NSLocationWhenInUseUsageDescription = "N-Vibe a besoin de votre location pour vous diriger.";
				INFOPLIST_KEY_UIApplicationSupportsIndirectInputEvents = YES;
				INFOPLIST_KEY_UILaunchStoryboardName = LaunchScreen;
				INFOPLIST_KEY_UISupportedInterfaceOrientations_iPad = "UIInterfaceOrientationPortrait UIInterfaceOrientationPortraitUpsideDown UIInterfaceOrientationLandscapeLeft UIInterfaceOrientationLandscapeRight";
				INFOPLIST_KEY_UISupportedInterfaceOrientations_iPhone = "UIInterfaceOrientationPortrait UIInterfaceOrientationLandscapeLeft UIInterfaceOrientationLandscapeRight";
				IPHONEOS_DEPLOYMENT_TARGET = 13.0;
				LD_RUNPATH_SEARCH_PATHS = (
					"$(inherited)",
					"@executable_path/Frameworks",
				);
				MARKETING_VERSION = 1.0;
				PRODUCT_BUNDLE_IDENTIFIER = raphael.huangdubois.NVibe;
				PRODUCT_NAME = "$(TARGET_NAME)";
				SUPPORTED_PLATFORMS = "iphoneos iphonesimulator";
				SUPPORTS_MACCATALYST = NO;
				SUPPORTS_MAC_DESIGNED_FOR_IPHONE_IPAD = NO;
				SUPPORTS_XR_DESIGNED_FOR_IPHONE_IPAD = NO;
				SWIFT_EMIT_LOC_STRINGS = YES;
				SWIFT_VERSION = 5.0;
				TARGETED_DEVICE_FAMILY = 1;
			};
			name = Debug;
		};
		C224C5D42BD007FF0045527C /* Release */ = {
			isa = XCBuildConfiguration;
			buildSettings = {
				ASSETCATALOG_COMPILER_APPICON_NAME = AppIcon;
				ASSETCATALOG_COMPILER_GLOBAL_ACCENT_COLOR_NAME = AccentColor;
				CODE_SIGN_STYLE = Automatic;
				CURRENT_PROJECT_VERSION = 1;
				DEVELOPMENT_TEAM = V54XUHS56L;
				GENERATE_INFOPLIST_FILE = YES;
				INFOPLIST_FILE = NVibe/Info.plist;
				INFOPLIST_KEY_NSLocationAlwaysAndWhenInUseUsageDescription = "N-Vibe a besoin de votre location pour vous diriger.";
				INFOPLIST_KEY_NSLocationWhenInUseUsageDescription = "N-Vibe a besoin de votre location pour vous diriger.";
				INFOPLIST_KEY_UIApplicationSupportsIndirectInputEvents = YES;
				INFOPLIST_KEY_UILaunchStoryboardName = LaunchScreen;
				INFOPLIST_KEY_UISupportedInterfaceOrientations_iPad = "UIInterfaceOrientationPortrait UIInterfaceOrientationPortraitUpsideDown UIInterfaceOrientationLandscapeLeft UIInterfaceOrientationLandscapeRight";
				INFOPLIST_KEY_UISupportedInterfaceOrientations_iPhone = "UIInterfaceOrientationPortrait UIInterfaceOrientationLandscapeLeft UIInterfaceOrientationLandscapeRight";
				IPHONEOS_DEPLOYMENT_TARGET = 13.0;
				LD_RUNPATH_SEARCH_PATHS = (
					"$(inherited)",
					"@executable_path/Frameworks",
				);
				MARKETING_VERSION = 1.0;
				PRODUCT_BUNDLE_IDENTIFIER = raphael.huangdubois.NVibe;
				PRODUCT_NAME = "$(TARGET_NAME)";
				SUPPORTED_PLATFORMS = "iphoneos iphonesimulator";
				SUPPORTS_MACCATALYST = NO;
				SUPPORTS_MAC_DESIGNED_FOR_IPHONE_IPAD = NO;
				SUPPORTS_XR_DESIGNED_FOR_IPHONE_IPAD = NO;
				SWIFT_EMIT_LOC_STRINGS = YES;
				SWIFT_VERSION = 5.0;
				TARGETED_DEVICE_FAMILY = 1;
			};
			name = Release;
		};
		C224C5D62BD007FF0045527C /* Debug */ = {
			isa = XCBuildConfiguration;
			buildSettings = {
				ALWAYS_EMBED_SWIFT_STANDARD_LIBRARIES = YES;
				BUNDLE_LOADER = "$(TEST_HOST)";
				CODE_SIGN_STYLE = Automatic;
				CURRENT_PROJECT_VERSION = 1;
				DEVELOPMENT_TEAM = V54XUHS56L;
				GENERATE_INFOPLIST_FILE = YES;
				IPHONEOS_DEPLOYMENT_TARGET = 17.4;
				MARKETING_VERSION = 1.0;
				PRODUCT_BUNDLE_IDENTIFIER = raphael.huangdubois.NVibeTests;
				PRODUCT_NAME = "$(TARGET_NAME)";
				SWIFT_EMIT_LOC_STRINGS = NO;
				SWIFT_VERSION = 5.0;
				TARGETED_DEVICE_FAMILY = "1,2";
				TEST_HOST = "$(BUILT_PRODUCTS_DIR)/NVibe.app/$(BUNDLE_EXECUTABLE_FOLDER_PATH)/NVibe";
			};
			name = Debug;
		};
		C224C5D72BD007FF0045527C /* Release */ = {
			isa = XCBuildConfiguration;
			buildSettings = {
				ALWAYS_EMBED_SWIFT_STANDARD_LIBRARIES = YES;
				BUNDLE_LOADER = "$(TEST_HOST)";
				CODE_SIGN_STYLE = Automatic;
				CURRENT_PROJECT_VERSION = 1;
				DEVELOPMENT_TEAM = V54XUHS56L;
				GENERATE_INFOPLIST_FILE = YES;
				IPHONEOS_DEPLOYMENT_TARGET = 17.4;
				MARKETING_VERSION = 1.0;
				PRODUCT_BUNDLE_IDENTIFIER = raphael.huangdubois.NVibeTests;
				PRODUCT_NAME = "$(TARGET_NAME)";
				SWIFT_EMIT_LOC_STRINGS = NO;
				SWIFT_VERSION = 5.0;
				TARGETED_DEVICE_FAMILY = "1,2";
				TEST_HOST = "$(BUILT_PRODUCTS_DIR)/NVibe.app/$(BUNDLE_EXECUTABLE_FOLDER_PATH)/NVibe";
			};
			name = Release;
		};
		C224C5D92BD007FF0045527C /* Debug */ = {
			isa = XCBuildConfiguration;
			buildSettings = {
				ALWAYS_EMBED_SWIFT_STANDARD_LIBRARIES = YES;
				CODE_SIGN_STYLE = Automatic;
				CURRENT_PROJECT_VERSION = 1;
				DEVELOPMENT_TEAM = V54XUHS56L;
				GENERATE_INFOPLIST_FILE = YES;
				MARKETING_VERSION = 1.0;
				PRODUCT_BUNDLE_IDENTIFIER = raphael.huangdubois.NVibeUITests;
				PRODUCT_NAME = "$(TARGET_NAME)";
				SWIFT_EMIT_LOC_STRINGS = NO;
				SWIFT_VERSION = 5.0;
				TARGETED_DEVICE_FAMILY = "1,2";
				TEST_TARGET_NAME = NVibe;
			};
			name = Debug;
		};
		C224C5DA2BD007FF0045527C /* Release */ = {
			isa = XCBuildConfiguration;
			buildSettings = {
				ALWAYS_EMBED_SWIFT_STANDARD_LIBRARIES = YES;
				CODE_SIGN_STYLE = Automatic;
				CURRENT_PROJECT_VERSION = 1;
				DEVELOPMENT_TEAM = V54XUHS56L;
				GENERATE_INFOPLIST_FILE = YES;
				MARKETING_VERSION = 1.0;
				PRODUCT_BUNDLE_IDENTIFIER = raphael.huangdubois.NVibeUITests;
				PRODUCT_NAME = "$(TARGET_NAME)";
				SWIFT_EMIT_LOC_STRINGS = NO;
				SWIFT_VERSION = 5.0;
				TARGETED_DEVICE_FAMILY = "1,2";
				TEST_TARGET_NAME = NVibe;
			};
			name = Release;
		};
/* End XCBuildConfiguration section */

/* Begin XCConfigurationList section */
		C224C5A32BD007FC0045527C /* Build configuration list for PBXProject "NVibe" */ = {
			isa = XCConfigurationList;
			buildConfigurations = (
				C224C5D02BD007FF0045527C /* Debug */,
				C224C5D12BD007FF0045527C /* Release */,
			);
			defaultConfigurationIsVisible = 0;
			defaultConfigurationName = Release;
		};
		C224C5D22BD007FF0045527C /* Build configuration list for PBXNativeTarget "NVibe" */ = {
			isa = XCConfigurationList;
			buildConfigurations = (
				C224C5D32BD007FF0045527C /* Debug */,
				C224C5D42BD007FF0045527C /* Release */,
			);
			defaultConfigurationIsVisible = 0;
			defaultConfigurationName = Release;
		};
		C224C5D52BD007FF0045527C /* Build configuration list for PBXNativeTarget "NVibeTests" */ = {
			isa = XCConfigurationList;
			buildConfigurations = (
				C224C5D62BD007FF0045527C /* Debug */,
				C224C5D72BD007FF0045527C /* Release */,
			);
			defaultConfigurationIsVisible = 0;
			defaultConfigurationName = Release;
		};
		C224C5D82BD007FF0045527C /* Build configuration list for PBXNativeTarget "NVibeUITests" */ = {
			isa = XCConfigurationList;
			buildConfigurations = (
				C224C5D92BD007FF0045527C /* Debug */,
				C224C5DA2BD007FF0045527C /* Release */,
			);
			defaultConfigurationIsVisible = 0;
			defaultConfigurationName = Release;
		};
/* End XCConfigurationList section */

/* Begin XCRemoteSwiftPackageReference section */
		C2B9183B2BD162A9004F909B /* XCRemoteSwiftPackageReference "mapbox-navigation-ios" */ = {
			isa = XCRemoteSwiftPackageReference;
			repositoryURL = "https://github.com/mapbox/mapbox-navigation-ios.git";
			requirement = {
				kind = upToNextMajorVersion;
				minimumVersion = 2.1.0;
			};
		};
/* End XCRemoteSwiftPackageReference section */

/* Begin XCSwiftPackageProductDependency section */
		C2B9183C2BD162A9004F909B /* MapboxNavigation */ = {
			isa = XCSwiftPackageProductDependency;
			package = C2B9183B2BD162A9004F909B /* XCRemoteSwiftPackageReference "mapbox-navigation-ios" */;
			productName = MapboxNavigation;
		};
/* End XCSwiftPackageProductDependency section */
	};
	rootObject = C224C5A02BD007FC0045527C /* Project object */;
}
